PODS:
  - NabtoEdgeClientSwift (3.0.3)

DEPENDENCIES:
  - NabtoEdgeClientSwift (= 3.0.3)

SPEC REPOS:
  https://github.com/CocoaPods/Specs.git:
    - NabtoEdgeClientSwift

SPEC CHECKSUMS:
  NabtoEdgeClientSwift: 6eb3170588b01324a051ec56ba612a8885b001e2

PODFILE CHECKSUM: b848b7c923304a987707fd66653f434baca90ccb

COCOAPODS: 1.11.3
