PODS:
  - NabtoEdgeClientSwift (1.1.0)

DEPENDENCIES:
  - NabtoEdgeClientSwift (= 1.1.0)

SPEC REPOS:
  https://github.com/CocoaPods/Specs.git:
    - NabtoEdgeClientSwift

SPEC CHECKSUMS:
  NabtoEdgeClientSwift: 8e74e40059d65d12476659d8c090bd60fb494cb2

PODFILE CHECKSUM: 6397c030082a7d0e0614303e7123d7a0714bed27

COCOAPODS: 1.11.2
