// !$*UTF8*$!
{
	archiveVersion = 1;
	classes = {
	};
	objectVersion = 50;
	objects = {

/* Begin PBXBuildFile section */
		6AD398C7A9FEA9553595AE14 /* libPods-NabtoEdgeClientTests.a in Frameworks */ = {isa = PBXBuildFile; fileRef = 33E40125125B2C1D4A594263 /* libPods-NabtoEdgeClientTests.a */; };
		D42A03BC24CEE19E008E4B2D /* Client.swift in Sources */ = {isa = PBXBuildFile; fileRef = D42A03BB24CEE19E008E4B2D /* Client.swift */; };
		D484CF1025A60DC3009DCC1C /* NabtoEdgeClientError.swift in Sources */ = {isa = PBXBuildFile; fileRef = D484CF0F25A60DC3009DCC1C /* NabtoEdgeClientError.swift */; };
		D4B54C3924D045D500BBC161 /* NabtoEdgeClientTests.swift in Sources */ = {isa = PBXBuildFile; fileRef = D4B54C3824D045D500BBC161 /* NabtoEdgeClientTests.swift */; };
		D4B54C3B24D045D500BBC161 /* NabtoEdgeClient.framework in Frameworks */ = {isa = PBXBuildFile; fileRef = D42A03B024CEE12D008E4B2D /* NabtoEdgeClient.framework */; };
		D4D9589B26F90DB700A921F3 /* AppDelegate.swift in Sources */ = {isa = PBXBuildFile; fileRef = D4D9589A26F90DB700A921F3 /* AppDelegate.swift */; };
		D4D9589D26F90DB700A921F3 /* SceneDelegate.swift in Sources */ = {isa = PBXBuildFile; fileRef = D4D9589C26F90DB700A921F3 /* SceneDelegate.swift */; };
		D4D9589F26F90DB700A921F3 /* ViewController.swift in Sources */ = {isa = PBXBuildFile; fileRef = D4D9589E26F90DB700A921F3 /* ViewController.swift */; };
		D4D958A226F90DB700A921F3 /* Main.storyboard in Resources */ = {isa = PBXBuildFile; fileRef = D4D958A026F90DB700A921F3 /* Main.storyboard */; };
		D4D958A426F90DB900A921F3 /* Assets.xcassets in Resources */ = {isa = PBXBuildFile; fileRef = D4D958A326F90DB900A921F3 /* Assets.xcassets */; };
		D4D958A726F90DB900A921F3 /* LaunchScreen.storyboard in Resources */ = {isa = PBXBuildFile; fileRef = D4D958A526F90DB900A921F3 /* LaunchScreen.storyboard */; };
		D4D958AE26F90E8A00A921F3 /* NabtoEdgeClient.framework in Frameworks */ = {isa = PBXBuildFile; fileRef = D42A03B024CEE12D008E4B2D /* NabtoEdgeClient.framework */; };
		D4D958AF26F90E8A00A921F3 /* NabtoEdgeClient.framework in Embed Frameworks */ = {isa = PBXBuildFile; fileRef = D42A03B024CEE12D008E4B2D /* NabtoEdgeClient.framework */; settings = {ATTRIBUTES = (CodeSignOnCopy, RemoveHeadersOnCopy, ); }; };
		E92313C8852752D234D588C4 /* MdnsResult.swift in Sources */ = {isa = PBXBuildFile; fileRef = E92845C3851C3FF4C907E633 /* MdnsResult.swift */; };
		E925C63B8544C672D3B4D09B /* MdnsScanner.swift in Sources */ = {isa = PBXBuildFile; fileRef = E9229B3C89D448937E34F990 /* MdnsScanner.swift */; };
		E925D05C1F5E162B0381020C /* Connection.swift in Sources */ = {isa = PBXBuildFile; fileRef = E923BA86B8DCE94DF9DFF0E0 /* Connection.swift */; };
		E925FDACA374ED7D03E4995C /* Podfile in Resources */ = {isa = PBXBuildFile; fileRef = E92FA199DFA2FC4908ECA3EA /* Podfile */; };
		E9275A6C9BA8FE3640D58342 /* Helper.swift in Sources */ = {isa = PBXBuildFile; fileRef = E9267A05B1666E2D878A89A5 /* Helper.swift */; };
		E9284313828DF404FCB833CC /* TcpTunnel.swift in Sources */ = {isa = PBXBuildFile; fileRef = E92AB75FB3AD3FC3E011C088 /* TcpTunnel.swift */; };
		E928741B07E1D63977D35060 /* Stream.swift in Sources */ = {isa = PBXBuildFile; fileRef = E9285E9171B6D17274076A7E /* Stream.swift */; };
		E929285096AB3B80BF5C1A38 /* ConnectionEventListener.swift in Sources */ = {isa = PBXBuildFile; fileRef = E921D0ADFA95E0D7B453F106 /* ConnectionEventListener.swift */; };
		E92B785CFDB4C73F3E30EA72 /* CoapRequest.swift in Sources */ = {isa = PBXBuildFile; fileRef = E92365CF645619AA908C6A8B /* CoapRequest.swift */; };
		E92B94F23441FF4C31368B92 /* ClientImpl.swift in Sources */ = {isa = PBXBuildFile; fileRef = E92368648B4C9F536F246056 /* ClientImpl.swift */; };
		E92C60A140836A8092689CA1 /* CallbackWrapper.swift in Sources */ = {isa = PBXBuildFile; fileRef = E92333244D84EEB41CF39F13 /* CallbackWrapper.swift */; };
		E92C76DCF3126FE20550B9EF /* CoapResponse.swift in Sources */ = {isa = PBXBuildFile; fileRef = E92C825D705048F208FC54FD /* CoapResponse.swift */; };
		E92EF12F25F8DF3116CB8B2B /* module.map in Sources */ = {isa = PBXBuildFile; fileRef = E926B7741A2C63A0353F530E /* module.map */; };
/* End PBXBuildFile section */

/* Begin PBXContainerItemProxy section */
		D4B54C3C24D045D500BBC161 /* PBXContainerItemProxy */ = {
			isa = PBXContainerItemProxy;
			containerPortal = D42A03A724CEE12D008E4B2D /* Project object */;
			proxyType = 1;
			remoteGlobalIDString = D42A03AF24CEE12D008E4B2D;
			remoteInfo = NabtoEdgeClient;
		};
		D4D958AC26F90DE000A921F3 /* PBXContainerItemProxy */ = {
			isa = PBXContainerItemProxy;
			containerPortal = D42A03A724CEE12D008E4B2D /* Project object */;
			proxyType = 1;
			remoteGlobalIDString = D4D9589726F90DB700A921F3;
			remoteInfo = HostForTests;
		};
		D4D958B026F90E8A00A921F3 /* PBXContainerItemProxy */ = {
			isa = PBXContainerItemProxy;
			containerPortal = D42A03A724CEE12D008E4B2D /* Project object */;
			proxyType = 1;
			remoteGlobalIDString = D42A03AF24CEE12D008E4B2D;
			remoteInfo = NabtoEdgeClient;
		};
/* End PBXContainerItemProxy section */

/* Begin PBXCopyFilesBuildPhase section */
		D4D958B226F90E8A00A921F3 /* Embed Frameworks */ = {
			isa = PBXCopyFilesBuildPhase;
			buildActionMask = 2147483647;
			dstPath = "";
			dstSubfolderSpec = 10;
			files = (
				D4D958AF26F90E8A00A921F3 /* NabtoEdgeClient.framework in Embed Frameworks */,
			);
			name = "Embed Frameworks";
			runOnlyForDeploymentPostprocessing = 0;
		};
/* End PBXCopyFilesBuildPhase section */

/* Begin PBXFileReference section */
		12E9F2F7583924DDD751B00E /* Pods-NabtoEdgeClientTests.release.xcconfig */ = {isa = PBXFileReference; includeInIndex = 1; lastKnownFileType = text.xcconfig; name = "Pods-NabtoEdgeClientTests.release.xcconfig"; path = "Target Support Files/Pods-NabtoEdgeClientTests/Pods-NabtoEdgeClientTests.release.xcconfig"; sourceTree = "<group>"; };
		247E49614D5BE0B77EBD4504 /* Pods-NabtoEdgeClient.release.xcconfig */ = {isa = PBXFileReference; includeInIndex = 1; lastKnownFileType = text.xcconfig; name = "Pods-NabtoEdgeClient.release.xcconfig"; path = "Target Support Files/Pods-NabtoEdgeClient/Pods-NabtoEdgeClient.release.xcconfig"; sourceTree = "<group>"; };
		2698D0457CBE8BE7C4FBE3D4 /* libPods-NabtoEdgeClient.a */ = {isa = PBXFileReference; explicitFileType = archive.ar; includeInIndex = 0; path = "libPods-NabtoEdgeClient.a"; sourceTree = BUILT_PRODUCTS_DIR; };
		33E40125125B2C1D4A594263 /* libPods-NabtoEdgeClientTests.a */ = {isa = PBXFileReference; explicitFileType = archive.ar; includeInIndex = 0; path = "libPods-NabtoEdgeClientTests.a"; sourceTree = BUILT_PRODUCTS_DIR; };
		744FF3AF30237B1CBF3FDC6B /* Pods-NabtoEdgeClientTests.debug.xcconfig */ = {isa = PBXFileReference; includeInIndex = 1; lastKnownFileType = text.xcconfig; name = "Pods-NabtoEdgeClientTests.debug.xcconfig"; path = "Target Support Files/Pods-NabtoEdgeClientTests/Pods-NabtoEdgeClientTests.debug.xcconfig"; sourceTree = "<group>"; };
		A0210E1FE52CBDA10FE1A369 /* Pods-NabtoEdgeClient.debug.xcconfig */ = {isa = PBXFileReference; includeInIndex = 1; lastKnownFileType = text.xcconfig; name = "Pods-NabtoEdgeClient.debug.xcconfig"; path = "Target Support Files/Pods-NabtoEdgeClient/Pods-NabtoEdgeClient.debug.xcconfig"; sourceTree = "<group>"; };
		D42A03B024CEE12D008E4B2D /* NabtoEdgeClient.framework */ = {isa = PBXFileReference; explicitFileType = wrapper.framework; includeInIndex = 0; path = NabtoEdgeClient.framework; sourceTree = BUILT_PRODUCTS_DIR; };
		D42A03B424CEE12D008E4B2D /* Info.plist */ = {isa = PBXFileReference; lastKnownFileType = text.plist.xml; path = Info.plist; sourceTree = "<group>"; };
		D42A03BB24CEE19E008E4B2D /* Client.swift */ = {isa = PBXFileReference; lastKnownFileType = sourcecode.swift; path = Client.swift; sourceTree = "<group>"; };
		D477A83327144A8400A59930 /* NabtoEdgeClientTests.xctestplan */ = {isa = PBXFileReference; lastKnownFileType = text; path = NabtoEdgeClientTests.xctestplan; sourceTree = "<group>"; };
		D484CF0F25A60DC3009DCC1C /* NabtoEdgeClientError.swift */ = {isa = PBXFileReference; lastKnownFileType = sourcecode.swift; path = NabtoEdgeClientError.swift; sourceTree = "<group>"; };
		D4B54C3624D045D500BBC161 /* NabtoEdgeClientTests.xctest */ = {isa = PBXFileReference; explicitFileType = wrapper.cfbundle; includeInIndex = 0; path = NabtoEdgeClientTests.xctest; sourceTree = BUILT_PRODUCTS_DIR; };
		D4B54C3824D045D500BBC161 /* NabtoEdgeClientTests.swift */ = {isa = PBXFileReference; lastKnownFileType = sourcecode.swift; path = NabtoEdgeClientTests.swift; sourceTree = "<group>"; };
		D4B54C3A24D045D500BBC161 /* Info.plist */ = {isa = PBXFileReference; lastKnownFileType = text.plist.xml; path = Info.plist; sourceTree = "<group>"; };
		D4B54C4324D04DA600BBC161 /* NabtoEdgeClientTests-Bridging-Header.h */ = {isa = PBXFileReference; lastKnownFileType = sourcecode.c.h; path = "NabtoEdgeClientTests-Bridging-Header.h"; sourceTree = "<group>"; };
		D4D9589826F90DB700A921F3 /* HostForTests.app */ = {isa = PBXFileReference; explicitFileType = wrapper.application; includeInIndex = 0; path = HostForTests.app; sourceTree = BUILT_PRODUCTS_DIR; };
		D4D9589A26F90DB700A921F3 /* AppDelegate.swift */ = {isa = PBXFileReference; lastKnownFileType = sourcecode.swift; path = AppDelegate.swift; sourceTree = "<group>"; };
		D4D9589C26F90DB700A921F3 /* SceneDelegate.swift */ = {isa = PBXFileReference; lastKnownFileType = sourcecode.swift; path = SceneDelegate.swift; sourceTree = "<group>"; };
		D4D9589E26F90DB700A921F3 /* ViewController.swift */ = {isa = PBXFileReference; lastKnownFileType = sourcecode.swift; path = ViewController.swift; sourceTree = "<group>"; };
		D4D958A126F90DB700A921F3 /* Base */ = {isa = PBXFileReference; lastKnownFileType = file.storyboard; name = Base; path = Base.lproj/Main.storyboard; sourceTree = "<group>"; };
		D4D958A326F90DB900A921F3 /* Assets.xcassets */ = {isa = PBXFileReference; lastKnownFileType = folder.assetcatalog; path = Assets.xcassets; sourceTree = "<group>"; };
		D4D958A626F90DB900A921F3 /* Base */ = {isa = PBXFileReference; lastKnownFileType = file.storyboard; name = Base; path = Base.lproj/LaunchScreen.storyboard; sourceTree = "<group>"; };
		D4D958A826F90DB900A921F3 /* Info.plist */ = {isa = PBXFileReference; lastKnownFileType = text.plist.xml; path = Info.plist; sourceTree = "<group>"; };
		E921D0ADFA95E0D7B453F106 /* ConnectionEventListener.swift */ = {isa = PBXFileReference; fileEncoding = 4; lastKnownFileType = sourcecode.swift; path = ConnectionEventListener.swift; sourceTree = "<group>"; };
		E9229B3C89D448937E34F990 /* MdnsScanner.swift */ = {isa = PBXFileReference; fileEncoding = 4; lastKnownFileType = sourcecode.swift; path = MdnsScanner.swift; sourceTree = "<group>"; };
		E92333244D84EEB41CF39F13 /* CallbackWrapper.swift */ = {isa = PBXFileReference; fileEncoding = 4; lastKnownFileType = sourcecode.swift; path = CallbackWrapper.swift; sourceTree = "<group>"; };
		E92365CF645619AA908C6A8B /* CoapRequest.swift */ = {isa = PBXFileReference; fileEncoding = 4; lastKnownFileType = sourcecode.swift; path = CoapRequest.swift; sourceTree = "<group>"; };
		E92368648B4C9F536F246056 /* ClientImpl.swift */ = {isa = PBXFileReference; fileEncoding = 4; lastKnownFileType = sourcecode.swift; path = ClientImpl.swift; sourceTree = "<group>"; };
		E923BA86B8DCE94DF9DFF0E0 /* Connection.swift */ = {isa = PBXFileReference; fileEncoding = 4; lastKnownFileType = sourcecode.swift; path = Connection.swift; sourceTree = "<group>"; };
		E9267A05B1666E2D878A89A5 /* Helper.swift */ = {isa = PBXFileReference; fileEncoding = 4; lastKnownFileType = sourcecode.swift; path = Helper.swift; sourceTree = "<group>"; };
		E926B7741A2C63A0353F530E /* module.map */ = {isa = PBXFileReference; fileEncoding = 4; lastKnownFileType = "sourcecode.module-map"; path = module.map; sourceTree = SOURCE_ROOT; };
		E92845C3851C3FF4C907E633 /* MdnsResult.swift */ = {isa = PBXFileReference; fileEncoding = 4; lastKnownFileType = sourcecode.swift; path = MdnsResult.swift; sourceTree = "<group>"; };
		E9285E9171B6D17274076A7E /* Stream.swift */ = {isa = PBXFileReference; fileEncoding = 4; lastKnownFileType = sourcecode.swift; path = Stream.swift; sourceTree = "<group>"; };
		E92AB75FB3AD3FC3E011C088 /* TcpTunnel.swift */ = {isa = PBXFileReference; fileEncoding = 4; lastKnownFileType = sourcecode.swift; path = TcpTunnel.swift; sourceTree = "<group>"; };
		E92C825D705048F208FC54FD /* CoapResponse.swift */ = {isa = PBXFileReference; fileEncoding = 4; lastKnownFileType = sourcecode.swift; path = CoapResponse.swift; sourceTree = "<group>"; };
		E92FA199DFA2FC4908ECA3EA /* Podfile */ = {isa = PBXFileReference; fileEncoding = 4; lastKnownFileType = text; path = Podfile; sourceTree = SOURCE_ROOT; };
/* End PBXFileReference section */

/* Begin PBXFrameworksBuildPhase section */
		D42A03AD24CEE12D008E4B2D /* Frameworks */ = {
			isa = PBXFrameworksBuildPhase;
			buildActionMask = 2147483647;
			files = (
			);
			runOnlyForDeploymentPostprocessing = 0;
		};
		D4B54C3324D045D500BBC161 /* Frameworks */ = {
			isa = PBXFrameworksBuildPhase;
			buildActionMask = 2147483647;
			files = (
				D4B54C3B24D045D500BBC161 /* NabtoEdgeClient.framework in Frameworks */,
				6AD398C7A9FEA9553595AE14 /* libPods-NabtoEdgeClientTests.a in Frameworks */,
			);
			runOnlyForDeploymentPostprocessing = 0;
		};
		D4D9589526F90DB700A921F3 /* Frameworks */ = {
			isa = PBXFrameworksBuildPhase;
			buildActionMask = 2147483647;
			files = (
				D4D958AE26F90E8A00A921F3 /* NabtoEdgeClient.framework in Frameworks */,
			);
			runOnlyForDeploymentPostprocessing = 0;
		};
/* End PBXFrameworksBuildPhase section */

/* Begin PBXGroup section */
		A6E0D4F7F182EAC675676AA0 /* Pods */ = {
			isa = PBXGroup;
			children = (
				A0210E1FE52CBDA10FE1A369 /* Pods-NabtoEdgeClient.debug.xcconfig */,
				247E49614D5BE0B77EBD4504 /* Pods-NabtoEdgeClient.release.xcconfig */,
				744FF3AF30237B1CBF3FDC6B /* Pods-NabtoEdgeClientTests.debug.xcconfig */,
				12E9F2F7583924DDD751B00E /* Pods-NabtoEdgeClientTests.release.xcconfig */,
			);
			path = Pods;
			sourceTree = "<group>";
		};
		B5B29344556E7230040569B6 /* Frameworks */ = {
			isa = PBXGroup;
			children = (
				2698D0457CBE8BE7C4FBE3D4 /* libPods-NabtoEdgeClient.a */,
				33E40125125B2C1D4A594263 /* libPods-NabtoEdgeClientTests.a */,
			);
			name = Frameworks;
			sourceTree = "<group>";
		};
		D42A03A624CEE12D008E4B2D = {
			isa = PBXGroup;
			children = (
				D42A03B224CEE12D008E4B2D /* NabtoEdgeClient */,
				D4B54C3724D045D500BBC161 /* NabtoEdgeClientTests */,
				D4D9589926F90DB700A921F3 /* HostForTests */,
				D42A03B124CEE12D008E4B2D /* Products */,
				A6E0D4F7F182EAC675676AA0 /* Pods */,
				B5B29344556E7230040569B6 /* Frameworks */,
			);
			sourceTree = "<group>";
		};
		D42A03B124CEE12D008E4B2D /* Products */ = {
			isa = PBXGroup;
			children = (
				D42A03B024CEE12D008E4B2D /* NabtoEdgeClient.framework */,
				D4B54C3624D045D500BBC161 /* NabtoEdgeClientTests.xctest */,
				D4D9589826F90DB700A921F3 /* HostForTests.app */,
			);
			name = Products;
			sourceTree = "<group>";
		};
		D42A03B224CEE12D008E4B2D /* NabtoEdgeClient */ = {
			isa = PBXGroup;
			children = (
				D42A03B424CEE12D008E4B2D /* Info.plist */,
				D42A03BB24CEE19E008E4B2D /* Client.swift */,
				E926B7741A2C63A0353F530E /* module.map */,
				E923BA86B8DCE94DF9DFF0E0 /* Connection.swift */,
				E92365CF645619AA908C6A8B /* CoapRequest.swift */,
				E921D0ADFA95E0D7B453F106 /* ConnectionEventListener.swift */,
				E9285E9171B6D17274076A7E /* Stream.swift */,
				E92AB75FB3AD3FC3E011C088 /* TcpTunnel.swift */,
				E92C825D705048F208FC54FD /* CoapResponse.swift */,
				E92FA199DFA2FC4908ECA3EA /* Podfile */,
				D484CF0F25A60DC3009DCC1C /* NabtoEdgeClientError.swift */,
				E92845C3851C3FF4C907E633 /* MdnsResult.swift */,
				E9229B3C89D448937E34F990 /* MdnsScanner.swift */,
				E923F884E9480B42C7220F33 /* impl */,
			);
			path = NabtoEdgeClient;
			sourceTree = "<group>";
		};
		D4B54C3724D045D500BBC161 /* NabtoEdgeClientTests */ = {
			isa = PBXGroup;
			children = (
				D4B54C3824D045D500BBC161 /* NabtoEdgeClientTests.swift */,
				D477A83327144A8400A59930 /* NabtoEdgeClientTests.xctestplan */,
				D4B54C3A24D045D500BBC161 /* Info.plist */,
				D4B54C4324D04DA600BBC161 /* NabtoEdgeClientTests-Bridging-Header.h */,
			);
			path = NabtoEdgeClientTests;
			sourceTree = "<group>";
		};
		D4D9589926F90DB700A921F3 /* HostForTests */ = {
			isa = PBXGroup;
			children = (
				D4D9589A26F90DB700A921F3 /* AppDelegate.swift */,
				D4D9589C26F90DB700A921F3 /* SceneDelegate.swift */,
				D4D9589E26F90DB700A921F3 /* ViewController.swift */,
				D4D958A026F90DB700A921F3 /* Main.storyboard */,
				D4D958A326F90DB900A921F3 /* Assets.xcassets */,
				D4D958A526F90DB900A921F3 /* LaunchScreen.storyboard */,
				D4D958A826F90DB900A921F3 /* Info.plist */,
			);
			path = HostForTests;
			sourceTree = "<group>";
		};
		E923F884E9480B42C7220F33 /* impl */ = {
			isa = PBXGroup;
			children = (
				E9267A05B1666E2D878A89A5 /* Helper.swift */,
				E92333244D84EEB41CF39F13 /* CallbackWrapper.swift */,
				E92368648B4C9F536F246056 /* ClientImpl.swift */,
			);
			path = impl;
			sourceTree = "<group>";
		};
/* End PBXGroup section */

/* Begin PBXHeadersBuildPhase section */
		D42A03AB24CEE12D008E4B2D /* Headers */ = {
			isa = PBXHeadersBuildPhase;
			buildActionMask = 2147483647;
			files = (
			);
			runOnlyForDeploymentPostprocessing = 0;
		};
/* End PBXHeadersBuildPhase section */

/* Begin PBXNativeTarget section */
		D42A03AF24CEE12D008E4B2D /* NabtoEdgeClient */ = {
			isa = PBXNativeTarget;
			buildConfigurationList = D42A03B824CEE12D008E4B2D /* Build configuration list for PBXNativeTarget "NabtoEdgeClient" */;
			buildPhases = (
				9D9E8A567949EE01DB7DDED9 /* [CP] Check Pods Manifest.lock */,
				D42A03AB24CEE12D008E4B2D /* Headers */,
				D42A03AC24CEE12D008E4B2D /* Sources */,
				D42A03AD24CEE12D008E4B2D /* Frameworks */,
				D42A03AE24CEE12D008E4B2D /* Resources */,
			);
			buildRules = (
			);
			dependencies = (
			);
			name = NabtoEdgeClient;
			productName = NabtoEdgeClient;
			productReference = D42A03B024CEE12D008E4B2D /* NabtoEdgeClient.framework */;
			productType = "com.apple.product-type.framework";
		};
		D4B54C3524D045D500BBC161 /* NabtoEdgeClientTests */ = {
			isa = PBXNativeTarget;
			buildConfigurationList = D4B54C3E24D045D500BBC161 /* Build configuration list for PBXNativeTarget "NabtoEdgeClientTests" */;
			buildPhases = (
				887F4A9E3CF8E9D7A24A9C57 /* [CP] Check Pods Manifest.lock */,
				D4B54C3224D045D500BBC161 /* Sources */,
				D4B54C3324D045D500BBC161 /* Frameworks */,
				D4B54C3424D045D500BBC161 /* Resources */,
			);
			buildRules = (
			);
			dependencies = (
				D4B54C3D24D045D500BBC161 /* PBXTargetDependency */,
				D4D958AD26F90DE000A921F3 /* PBXTargetDependency */,
			);
			name = NabtoEdgeClientTests;
			productName = NabtoEdgeClientTests;
			productReference = D4B54C3624D045D500BBC161 /* NabtoEdgeClientTests.xctest */;
			productType = "com.apple.product-type.bundle.unit-test";
		};
		D4D9589726F90DB700A921F3 /* HostForTests */ = {
			isa = PBXNativeTarget;
			buildConfigurationList = D4D958A926F90DB900A921F3 /* Build configuration list for PBXNativeTarget "HostForTests" */;
			buildPhases = (
				D4D9589426F90DB700A921F3 /* Sources */,
				D4D9589526F90DB700A921F3 /* Frameworks */,
				D4D9589626F90DB700A921F3 /* Resources */,
				D4D958B226F90E8A00A921F3 /* Embed Frameworks */,
			);
			buildRules = (
			);
			dependencies = (
				D4D958B126F90E8A00A921F3 /* PBXTargetDependency */,
			);
			name = HostForTests;
			productName = HostForTests;
			productReference = D4D9589826F90DB700A921F3 /* HostForTests.app */;
			productType = "com.apple.product-type.application";
		};
/* End PBXNativeTarget section */

/* Begin PBXProject section */
		D42A03A724CEE12D008E4B2D /* Project object */ = {
			isa = PBXProject;
			attributes = {
				LastSwiftUpdateCheck = 1250;
				LastUpgradeCheck = 1150;
				ORGANIZATIONNAME = Nabto;
				TargetAttributes = {
					D42A03AF24CEE12D008E4B2D = {
						CreatedOnToolsVersion = 11.5;
						LastSwiftMigration = 1150;
					};
					D4B54C3524D045D500BBC161 = {
						CreatedOnToolsVersion = 11.5;
						LastSwiftMigration = 1150;
						TestTargetID = D4D9589726F90DB700A921F3;
					};
					D4D9589726F90DB700A921F3 = {
						CreatedOnToolsVersion = 12.5.1;
					};
				};
			};
			buildConfigurationList = D42A03AA24CEE12D008E4B2D /* Build configuration list for PBXProject "NabtoEdgeClient" */;
			compatibilityVersion = "Xcode 9.3";
			developmentRegion = en;
			hasScannedForEncodings = 0;
			knownRegions = (
				en,
				Base,
			);
			mainGroup = D42A03A624CEE12D008E4B2D;
			productRefGroup = D42A03B124CEE12D008E4B2D /* Products */;
			projectDirPath = "";
			projectRoot = "";
			targets = (
				D42A03AF24CEE12D008E4B2D /* NabtoEdgeClient */,
				D4B54C3524D045D500BBC161 /* NabtoEdgeClientTests */,
				D4D9589726F90DB700A921F3 /* HostForTests */,
			);
		};
/* End PBXProject section */

/* Begin PBXResourcesBuildPhase section */
		D42A03AE24CEE12D008E4B2D /* Resources */ = {
			isa = PBXResourcesBuildPhase;
			buildActionMask = 2147483647;
			files = (
				E925FDACA374ED7D03E4995C /* Podfile in Resources */,
			);
			runOnlyForDeploymentPostprocessing = 0;
		};
		D4B54C3424D045D500BBC161 /* Resources */ = {
			isa = PBXResourcesBuildPhase;
			buildActionMask = 2147483647;
			files = (
			);
			runOnlyForDeploymentPostprocessing = 0;
		};
		D4D9589626F90DB700A921F3 /* Resources */ = {
			isa = PBXResourcesBuildPhase;
			buildActionMask = 2147483647;
			files = (
				D4D958A726F90DB900A921F3 /* LaunchScreen.storyboard in Resources */,
				D4D958A426F90DB900A921F3 /* Assets.xcassets in Resources */,
				D4D958A226F90DB700A921F3 /* Main.storyboard in Resources */,
			);
			runOnlyForDeploymentPostprocessing = 0;
		};
/* End PBXResourcesBuildPhase section */

/* Begin PBXShellScriptBuildPhase section */
		887F4A9E3CF8E9D7A24A9C57 /* [CP] Check Pods Manifest.lock */ = {
			isa = PBXShellScriptBuildPhase;
			buildActionMask = 2147483647;
			files = (
			);
			inputFileListPaths = (
			);
			inputPaths = (
				"${PODS_PODFILE_DIR_PATH}/Podfile.lock",
				"${PODS_ROOT}/Manifest.lock",
			);
			name = "[CP] Check Pods Manifest.lock";
			outputFileListPaths = (
			);
			outputPaths = (
				"$(DERIVED_FILE_DIR)/Pods-NabtoEdgeClientTests-checkManifestLockResult.txt",
			);
			runOnlyForDeploymentPostprocessing = 0;
			shellPath = /bin/sh;
			shellScript = "diff \"${PODS_PODFILE_DIR_PATH}/Podfile.lock\" \"${PODS_ROOT}/Manifest.lock\" > /dev/null\nif [ $? != 0 ] ; then\n    # print error to STDERR\n    echo \"error: The sandbox is not in sync with the Podfile.lock. Run 'pod install' or update your CocoaPods installation.\" >&2\n    exit 1\nfi\n# This output is used by Xcode 'outputs' to avoid re-running this script phase.\necho \"SUCCESS\" > \"${SCRIPT_OUTPUT_FILE_0}\"\n";
			showEnvVarsInLog = 0;
		};
		9D9E8A567949EE01DB7DDED9 /* [CP] Check Pods Manifest.lock */ = {
			isa = PBXShellScriptBuildPhase;
			buildActionMask = 2147483647;
			files = (
			);
			inputFileListPaths = (
			);
			inputPaths = (
				"${PODS_PODFILE_DIR_PATH}/Podfile.lock",
				"${PODS_ROOT}/Manifest.lock",
			);
			name = "[CP] Check Pods Manifest.lock";
			outputFileListPaths = (
			);
			outputPaths = (
				"$(DERIVED_FILE_DIR)/Pods-NabtoEdgeClient-checkManifestLockResult.txt",
			);
			runOnlyForDeploymentPostprocessing = 0;
			shellPath = /bin/sh;
			shellScript = "diff \"${PODS_PODFILE_DIR_PATH}/Podfile.lock\" \"${PODS_ROOT}/Manifest.lock\" > /dev/null\nif [ $? != 0 ] ; then\n    # print error to STDERR\n    echo \"error: The sandbox is not in sync with the Podfile.lock. Run 'pod install' or update your CocoaPods installation.\" >&2\n    exit 1\nfi\n# This output is used by Xcode 'outputs' to avoid re-running this script phase.\necho \"SUCCESS\" > \"${SCRIPT_OUTPUT_FILE_0}\"\n";
			showEnvVarsInLog = 0;
		};
/* End PBXShellScriptBuildPhase section */

/* Begin PBXSourcesBuildPhase section */
		D42A03AC24CEE12D008E4B2D /* Sources */ = {
			isa = PBXSourcesBuildPhase;
			buildActionMask = 2147483647;
			files = (
				D42A03BC24CEE19E008E4B2D /* Client.swift in Sources */,
				E92EF12F25F8DF3116CB8B2B /* module.map in Sources */,
				E925D05C1F5E162B0381020C /* Connection.swift in Sources */,
				E92B785CFDB4C73F3E30EA72 /* CoapRequest.swift in Sources */,
				D484CF1025A60DC3009DCC1C /* NabtoEdgeClientError.swift in Sources */,
				E929285096AB3B80BF5C1A38 /* ConnectionEventListener.swift in Sources */,
				E928741B07E1D63977D35060 /* Stream.swift in Sources */,
				E9284313828DF404FCB833CC /* TcpTunnel.swift in Sources */,
				E92C76DCF3126FE20550B9EF /* CoapResponse.swift in Sources */,
				E92313C8852752D234D588C4 /* MdnsResult.swift in Sources */,
				E925C63B8544C672D3B4D09B /* MdnsScanner.swift in Sources */,
				E9275A6C9BA8FE3640D58342 /* Helper.swift in Sources */,
				E92C60A140836A8092689CA1 /* CallbackWrapper.swift in Sources */,
				E92B94F23441FF4C31368B92 /* ClientImpl.swift in Sources */,
			);
			runOnlyForDeploymentPostprocessing = 0;
		};
		D4B54C3224D045D500BBC161 /* Sources */ = {
			isa = PBXSourcesBuildPhase;
			buildActionMask = 2147483647;
			files = (
				D4B54C3924D045D500BBC161 /* NabtoEdgeClientTests.swift in Sources */,
			);
			runOnlyForDeploymentPostprocessing = 0;
		};
		D4D9589426F90DB700A921F3 /* Sources */ = {
			isa = PBXSourcesBuildPhase;
			buildActionMask = 2147483647;
			files = (
				D4D9589F26F90DB700A921F3 /* ViewController.swift in Sources */,
				D4D9589B26F90DB700A921F3 /* AppDelegate.swift in Sources */,
				D4D9589D26F90DB700A921F3 /* SceneDelegate.swift in Sources */,
			);
			runOnlyForDeploymentPostprocessing = 0;
		};
/* End PBXSourcesBuildPhase section */

/* Begin PBXTargetDependency section */
		D4B54C3D24D045D500BBC161 /* PBXTargetDependency */ = {
			isa = PBXTargetDependency;
			target = D42A03AF24CEE12D008E4B2D /* NabtoEdgeClient */;
			targetProxy = D4B54C3C24D045D500BBC161 /* PBXContainerItemProxy */;
		};
		D4D958AD26F90DE000A921F3 /* PBXTargetDependency */ = {
			isa = PBXTargetDependency;
			target = D4D9589726F90DB700A921F3 /* HostForTests */;
			targetProxy = D4D958AC26F90DE000A921F3 /* PBXContainerItemProxy */;
		};
		D4D958B126F90E8A00A921F3 /* PBXTargetDependency */ = {
			isa = PBXTargetDependency;
			target = D42A03AF24CEE12D008E4B2D /* NabtoEdgeClient */;
			targetProxy = D4D958B026F90E8A00A921F3 /* PBXContainerItemProxy */;
		};
/* End PBXTargetDependency section */

/* Begin PBXVariantGroup section */
		D4D958A026F90DB700A921F3 /* Main.storyboard */ = {
			isa = PBXVariantGroup;
			children = (
				D4D958A126F90DB700A921F3 /* Base */,
			);
			name = Main.storyboard;
			sourceTree = "<group>";
		};
		D4D958A526F90DB900A921F3 /* LaunchScreen.storyboard */ = {
			isa = PBXVariantGroup;
			children = (
				D4D958A626F90DB900A921F3 /* Base */,
			);
			name = LaunchScreen.storyboard;
			sourceTree = "<group>";
		};
/* End PBXVariantGroup section */

/* Begin XCBuildConfiguration section */
		D42A03B624CEE12D008E4B2D /* Debug */ = {
			isa = XCBuildConfiguration;
			buildSettings = {
				ALWAYS_SEARCH_USER_PATHS = NO;
				CLANG_ANALYZER_NONNULL = YES;
				CLANG_ANALYZER_NUMBER_OBJECT_CONVERSION = YES_AGGRESSIVE;
				CLANG_CXX_LANGUAGE_STANDARD = "gnu++14";
				CLANG_CXX_LIBRARY = "libc++";
				CLANG_ENABLE_MODULES = YES;
				CLANG_ENABLE_OBJC_ARC = YES;
				CLANG_ENABLE_OBJC_WEAK = YES;
				CLANG_WARN_BLOCK_CAPTURE_AUTORELEASING = YES;
				CLANG_WARN_BOOL_CONVERSION = YES;
				CLANG_WARN_COMMA = YES;
				CLANG_WARN_CONSTANT_CONVERSION = YES;
				CLANG_WARN_DEPRECATED_OBJC_IMPLEMENTATIONS = YES;
				CLANG_WARN_DIRECT_OBJC_ISA_USAGE = YES_ERROR;
				CLANG_WARN_DOCUMENTATION_COMMENTS = YES;
				CLANG_WARN_EMPTY_BODY = YES;
				CLANG_WARN_ENUM_CONVERSION = YES;
				CLANG_WARN_INFINITE_RECURSION = YES;
				CLANG_WARN_INT_CONVERSION = YES;
				CLANG_WARN_NON_LITERAL_NULL_CONVERSION = YES;
				CLANG_WARN_OBJC_IMPLICIT_RETAIN_SELF = YES;
				CLANG_WARN_OBJC_LITERAL_CONVERSION = YES;
				CLANG_WARN_OBJC_ROOT_CLASS = YES_ERROR;
				CLANG_WARN_RANGE_LOOP_ANALYSIS = YES;
				CLANG_WARN_STRICT_PROTOTYPES = YES;
				CLANG_WARN_SUSPICIOUS_MOVE = YES;
				CLANG_WARN_UNGUARDED_AVAILABILITY = YES_AGGRESSIVE;
				CLANG_WARN_UNREACHABLE_CODE = YES;
				CLANG_WARN__DUPLICATE_METHOD_MATCH = YES;
				COPY_PHASE_STRIP = NO;
				CURRENT_PROJECT_VERSION = 1;
				DEBUG_INFORMATION_FORMAT = dwarf;
				ENABLE_STRICT_OBJC_MSGSEND = YES;
				ENABLE_TESTABILITY = YES;
				EXPORTED_SYMBOLS_FILE = "exported-symbols.txt";
				GCC_C_LANGUAGE_STANDARD = gnu11;
				GCC_DYNAMIC_NO_PIC = NO;
				GCC_NO_COMMON_BLOCKS = YES;
				GCC_OPTIMIZATION_LEVEL = 0;
				GCC_PREPROCESSOR_DEFINITIONS = (
					"DEBUG=1",
					"$(inherited)",
				);
				GCC_WARN_64_TO_32_BIT_CONVERSION = YES;
				GCC_WARN_ABOUT_RETURN_TYPE = YES_ERROR;
				GCC_WARN_UNDECLARED_SELECTOR = YES;
				GCC_WARN_UNINITIALIZED_AUTOS = YES_AGGRESSIVE;
				GCC_WARN_UNUSED_FUNCTION = YES;
				GCC_WARN_UNUSED_VARIABLE = YES;
				IPHONEOS_DEPLOYMENT_TARGET = 10.2;
				MTL_ENABLE_DEBUG_INFO = INCLUDE_SOURCE;
				MTL_FAST_MATH = YES;
				ONLY_ACTIVE_ARCH = YES;
				SDKROOT = iphoneos;
				SWIFT_ACTIVE_COMPILATION_CONDITIONS = DEBUG;
				SWIFT_INSTALL_OBJC_HEADER = YES;
				SWIFT_OPTIMIZATION_LEVEL = "-Onone";
				SWIFT_VERSION = 5.0;
				VERSIONING_SYSTEM = "apple-generic";
				VERSION_INFO_PREFIX = "";
			};
			name = Debug;
		};
		D42A03B724CEE12D008E4B2D /* Release */ = {
			isa = XCBuildConfiguration;
			buildSettings = {
				ALWAYS_SEARCH_USER_PATHS = NO;
				CLANG_ANALYZER_NONNULL = YES;
				CLANG_ANALYZER_NUMBER_OBJECT_CONVERSION = YES_AGGRESSIVE;
				CLANG_CXX_LANGUAGE_STANDARD = "gnu++14";
				CLANG_CXX_LIBRARY = "libc++";
				CLANG_ENABLE_MODULES = YES;
				CLANG_ENABLE_OBJC_ARC = YES;
				CLANG_ENABLE_OBJC_WEAK = YES;
				CLANG_WARN_BLOCK_CAPTURE_AUTORELEASING = YES;
				CLANG_WARN_BOOL_CONVERSION = YES;
				CLANG_WARN_COMMA = YES;
				CLANG_WARN_CONSTANT_CONVERSION = YES;
				CLANG_WARN_DEPRECATED_OBJC_IMPLEMENTATIONS = YES;
				CLANG_WARN_DIRECT_OBJC_ISA_USAGE = YES_ERROR;
				CLANG_WARN_DOCUMENTATION_COMMENTS = YES;
				CLANG_WARN_EMPTY_BODY = YES;
				CLANG_WARN_ENUM_CONVERSION = YES;
				CLANG_WARN_INFINITE_RECURSION = YES;
				CLANG_WARN_INT_CONVERSION = YES;
				CLANG_WARN_NON_LITERAL_NULL_CONVERSION = YES;
				CLANG_WARN_OBJC_IMPLICIT_RETAIN_SELF = YES;
				CLANG_WARN_OBJC_LITERAL_CONVERSION = YES;
				CLANG_WARN_OBJC_ROOT_CLASS = YES_ERROR;
				CLANG_WARN_RANGE_LOOP_ANALYSIS = YES;
				CLANG_WARN_STRICT_PROTOTYPES = YES;
				CLANG_WARN_SUSPICIOUS_MOVE = YES;
				CLANG_WARN_UNGUARDED_AVAILABILITY = YES_AGGRESSIVE;
				CLANG_WARN_UNREACHABLE_CODE = YES;
				CLANG_WARN__DUPLICATE_METHOD_MATCH = YES;
				COPY_PHASE_STRIP = NO;
				CURRENT_PROJECT_VERSION = 1;
				DEBUG_INFORMATION_FORMAT = "dwarf-with-dsym";
				ENABLE_NS_ASSERTIONS = NO;
				ENABLE_STRICT_OBJC_MSGSEND = YES;
				EXPORTED_SYMBOLS_FILE = "exported-symbols.txt";
				GCC_C_LANGUAGE_STANDARD = gnu11;
				GCC_NO_COMMON_BLOCKS = YES;
				GCC_WARN_64_TO_32_BIT_CONVERSION = YES;
				GCC_WARN_ABOUT_RETURN_TYPE = YES_ERROR;
				GCC_WARN_UNDECLARED_SELECTOR = YES;
				GCC_WARN_UNINITIALIZED_AUTOS = YES_AGGRESSIVE;
				GCC_WARN_UNUSED_FUNCTION = YES;
				GCC_WARN_UNUSED_VARIABLE = YES;
				IPHONEOS_DEPLOYMENT_TARGET = 10.2;
				MTL_ENABLE_DEBUG_INFO = NO;
				MTL_FAST_MATH = YES;
				SDKROOT = iphoneos;
				SWIFT_COMPILATION_MODE = wholemodule;
				SWIFT_INSTALL_OBJC_HEADER = YES;
				SWIFT_OPTIMIZATION_LEVEL = "-O";
				SWIFT_VERSION = 5.0;
				VALIDATE_PRODUCT = YES;
				VERSIONING_SYSTEM = "apple-generic";
				VERSION_INFO_PREFIX = "";
			};
			name = Release;
		};
		D42A03B924CEE12D008E4B2D /* Debug */ = {
			isa = XCBuildConfiguration;
			baseConfigurationReference = A0210E1FE52CBDA10FE1A369 /* Pods-NabtoEdgeClient.debug.xcconfig */;
			buildSettings = {
				BUILD_LIBRARY_FOR_DISTRIBUTION = YES;
				CLANG_ENABLE_MODULES = YES;
				CODE_SIGN_STYLE = Automatic;
				DEFINES_MODULE = YES;
				DEVELOPMENT_TEAM = E55K8RCV2E;
				DYLIB_COMPATIBILITY_VERSION = 1;
				DYLIB_CURRENT_VERSION = 1;
				DYLIB_INSTALL_NAME_BASE = "@rpath";
				"EXCLUDED_ARCHS[sdk=iphonesimulator*]" = "arm64 i386";
				INFOPLIST_FILE = NabtoEdgeClient/Info.plist;
				INSTALL_PATH = "$(LOCAL_LIBRARY_DIR)/Frameworks";
				LD_RUNPATH_SEARCH_PATHS = (
					"$(inherited)",
					"@executable_path/Frameworks",
					"@loader_path/Frameworks",
				);
				MODULEMAP_PRIVATE_FILE = "";
				PRODUCT_BUNDLE_IDENTIFIER = com.nabto.edge.NabtoEdgeClient;
				PRODUCT_NAME = "$(TARGET_NAME:c99extidentifier)";
				SKIP_INSTALL = YES;
				SWIFT_INCLUDE_PATHS = "$(SRCROOT)";
				SWIFT_OPTIMIZATION_LEVEL = "-Onone";
				SWIFT_VERSION = 5.0;
				TARGETED_DEVICE_FAMILY = "1,2";
			};
			name = Debug;
		};
		D42A03BA24CEE12D008E4B2D /* Release */ = {
			isa = XCBuildConfiguration;
			baseConfigurationReference = 247E49614D5BE0B77EBD4504 /* Pods-NabtoEdgeClient.release.xcconfig */;
			buildSettings = {
				BUILD_LIBRARY_FOR_DISTRIBUTION = YES;
				CLANG_ENABLE_MODULES = YES;
				CODE_SIGN_STYLE = Automatic;
				DEFINES_MODULE = YES;
				DEVELOPMENT_TEAM = E55K8RCV2E;
				DYLIB_COMPATIBILITY_VERSION = 1;
				DYLIB_CURRENT_VERSION = 1;
				DYLIB_INSTALL_NAME_BASE = "@rpath";
				"EXCLUDED_ARCHS[sdk=iphonesimulator*]" = "arm64 i386";
				INFOPLIST_FILE = NabtoEdgeClient/Info.plist;
				INSTALL_PATH = "$(LOCAL_LIBRARY_DIR)/Frameworks";
				LD_RUNPATH_SEARCH_PATHS = (
					"$(inherited)",
					"@executable_path/Frameworks",
					"@loader_path/Frameworks",
				);
				MODULEMAP_PRIVATE_FILE = "";
				PRODUCT_BUNDLE_IDENTIFIER = com.nabto.edge.NabtoEdgeClient;
				PRODUCT_NAME = "$(TARGET_NAME:c99extidentifier)";
				SKIP_INSTALL = YES;
				SWIFT_INCLUDE_PATHS = "$(SRCROOT)";
				SWIFT_VERSION = 5.0;
				TARGETED_DEVICE_FAMILY = "1,2";
			};
			name = Release;
		};
		D4B54C3F24D045D500BBC161 /* Debug */ = {
			isa = XCBuildConfiguration;
			baseConfigurationReference = 744FF3AF30237B1CBF3FDC6B /* Pods-NabtoEdgeClientTests.debug.xcconfig */;
			buildSettings = {
				CLANG_ENABLE_MODULES = YES;
				CODE_SIGN_STYLE = Automatic;
				DEVELOPMENT_TEAM = E55K8RCV2E;
				INFOPLIST_FILE = NabtoEdgeClientTests/Info.plist;
				LD_RUNPATH_SEARCH_PATHS = (
					"$(inherited)",
					"@executable_path/Frameworks",
					"@loader_path/Frameworks",
				);
				PRODUCT_BUNDLE_IDENTIFIER = com.nabto.edge.NabtoEdgeClientTests;
				PRODUCT_NAME = "$(TARGET_NAME)";
				SWIFT_OBJC_BRIDGING_HEADER = "NabtoEdgeClientTests/NabtoEdgeClientTests-Bridging-Header.h";
				SWIFT_OPTIMIZATION_LEVEL = "-Onone";
				SWIFT_VERSION = 5.0;
				TARGETED_DEVICE_FAMILY = "1,2";
				TEST_HOST = "$(BUILT_PRODUCTS_DIR)/HostForTests.app/HostForTests";
				USER_HEADER_SEARCH_PATHS = "\"${PROJECT_DIR}/Pods\"/**";
			};
			name = Debug;
		};
		D4B54C4024D045D500BBC161 /* Release */ = {
			isa = XCBuildConfiguration;
			baseConfigurationReference = 12E9F2F7583924DDD751B00E /* Pods-NabtoEdgeClientTests.release.xcconfig */;
			buildSettings = {
				CLANG_ENABLE_MODULES = YES;
				CODE_SIGN_STYLE = Automatic;
				DEVELOPMENT_TEAM = E55K8RCV2E;
				INFOPLIST_FILE = NabtoEdgeClientTests/Info.plist;
				LD_RUNPATH_SEARCH_PATHS = (
					"$(inherited)",
					"@executable_path/Frameworks",
					"@loader_path/Frameworks",
				);
				PRODUCT_BUNDLE_IDENTIFIER = com.nabto.edge.NabtoEdgeClientTests;
				PRODUCT_NAME = "$(TARGET_NAME)";
				SWIFT_OBJC_BRIDGING_HEADER = "NabtoEdgeClientTests/NabtoEdgeClientTests-Bridging-Header.h";
				SWIFT_VERSION = 5.0;
				TARGETED_DEVICE_FAMILY = "1,2";
				TEST_HOST = "$(BUILT_PRODUCTS_DIR)/HostForTests.app/HostForTests";
				USER_HEADER_SEARCH_PATHS = "\"${PROJECT_DIR}/Pods\"/**";
			};
			name = Release;
		};
		D4D958AA26F90DB900A921F3 /* Debug */ = {
			isa = XCBuildConfiguration;
			buildSettings = {
				ASSETCATALOG_COMPILER_APPICON_NAME = AppIcon;
				ASSETCATALOG_COMPILER_GLOBAL_ACCENT_COLOR_NAME = AccentColor;
				CLANG_WARN_QUOTED_INCLUDE_IN_FRAMEWORK_HEADER = YES;
				CODE_SIGN_STYLE = Automatic;
				DEVELOPMENT_TEAM = E55K8RCV2E;
				INFOPLIST_FILE = HostForTests/Info.plist;
				IPHONEOS_DEPLOYMENT_TARGET = 14.5;
				LD_RUNPATH_SEARCH_PATHS = (
					"$(inherited)",
					"@executable_path/Frameworks",
				);
				PRODUCT_BUNDLE_IDENTIFIER = com.nabto.HostForTests;
				PRODUCT_NAME = "$(TARGET_NAME)";
				SWIFT_VERSION = 5.0;
				TARGETED_DEVICE_FAMILY = "1,2";
			};
			name = Debug;
		};
		D4D958AB26F90DB900A921F3 /* Release */ = {
			isa = XCBuildConfiguration;
			buildSettings = {
				ASSETCATALOG_COMPILER_APPICON_NAME = AppIcon;
				ASSETCATALOG_COMPILER_GLOBAL_ACCENT_COLOR_NAME = AccentColor;
				CLANG_WARN_QUOTED_INCLUDE_IN_FRAMEWORK_HEADER = YES;
				CODE_SIGN_STYLE = Automatic;
				DEVELOPMENT_TEAM = E55K8RCV2E;
				INFOPLIST_FILE = HostForTests/Info.plist;
				IPHONEOS_DEPLOYMENT_TARGET = 14.5;
				LD_RUNPATH_SEARCH_PATHS = (
					"$(inherited)",
					"@executable_path/Frameworks",
				);
				PRODUCT_BUNDLE_IDENTIFIER = com.nabto.HostForTests;
				PRODUCT_NAME = "$(TARGET_NAME)";
				SWIFT_VERSION = 5.0;
				TARGETED_DEVICE_FAMILY = "1,2";
			};
			name = Release;
		};
/* End XCBuildConfiguration section */

/* Begin XCConfigurationList section */
		D42A03AA24CEE12D008E4B2D /* Build configuration list for PBXProject "NabtoEdgeClient" */ = {
			isa = XCConfigurationList;
			buildConfigurations = (
				D42A03B624CEE12D008E4B2D /* Debug */,
				D42A03B724CEE12D008E4B2D /* Release */,
			);
			defaultConfigurationIsVisible = 0;
			defaultConfigurationName = Release;
		};
		D42A03B824CEE12D008E4B2D /* Build configuration list for PBXNativeTarget "NabtoEdgeClient" */ = {
			isa = XCConfigurationList;
			buildConfigurations = (
				D42A03B924CEE12D008E4B2D /* Debug */,
				D42A03BA24CEE12D008E4B2D /* Release */,
			);
			defaultConfigurationIsVisible = 0;
			defaultConfigurationName = Release;
		};
		D4B54C3E24D045D500BBC161 /* Build configuration list for PBXNativeTarget "NabtoEdgeClientTests" */ = {
			isa = XCConfigurationList;
			buildConfigurations = (
				D4B54C3F24D045D500BBC161 /* Debug */,
				D4B54C4024D045D500BBC161 /* Release */,
			);
			defaultConfigurationIsVisible = 0;
			defaultConfigurationName = Release;
		};
		D4D958A926F90DB900A921F3 /* Build configuration list for PBXNativeTarget "HostForTests" */ = {
			isa = XCConfigurationList;
			buildConfigurations = (
				D4D958AA26F90DB900A921F3 /* Debug */,
				D4D958AB26F90DB900A921F3 /* Release */,
			);
			defaultConfigurationIsVisible = 0;
			defaultConfigurationName = Release;
		};
/* End XCConfigurationList section */
	};
	rootObject = D42A03A724CEE12D008E4B2D /* Project object */;
}
