PODS:
  - NabtoEdgeClientApiFW (5.12.0)

DEPENDENCIES:
  - NabtoEdgeClientApiFW (= 5.12.0)

SPEC REPOS:
  https://github.com/CocoaPods/Specs.git:
    - NabtoEdgeClientApiFW

SPEC CHECKSUMS:
  NabtoEdgeClientApiFW: ed3dca3bc151075940cdd0c41d3a03557556276f

PODFILE CHECKSUM: 8413435791aaa9c939365bbaac50a4dad8704303

COCOAPODS: 1.14.2
