PODS:
  - NabtoEdgeClientApiFW (5.9.0)

DEPENDENCIES:
  - NabtoEdgeClientApiFW (= 5.9.0)

SPEC REPOS:
  https://github.com/CocoaPods/Specs.git:
    - NabtoEdgeClientApiFW

SPEC CHECKSUMS:
  NabtoEdgeClientApiFW: d5d444aba9cd3b1fe597174bdd30970c4bcab887

PODFILE CHECKSUM: abd4458c3107a122764a6ea9901221a450412755

COCOAPODS: 1.11.3
