PODS:
  - NabtoEdgeClientApiFW (5.8.0)
  - SwiftCBOR (0.4.4)

DEPENDENCIES:
  - NabtoEdgeClientApiFW
  - SwiftCBOR

SPEC REPOS:
  https://github.com/CocoaPods/Specs.git:
    - NabtoEdgeClientApiFW
    - SwiftCBOR

SPEC CHECKSUMS:
  NabtoEdgeClientApiFW: dffe27240a2a6b763307123ffbf57644c11dbf18
  SwiftCBOR: ce5354ec8b660da2d6fc754462881119dbe1f963

PODFILE CHECKSUM: 7b1e5a030069dc48fdf9985c5646ee735e348449

COCOAPODS: 1.11.2
